
Microsoft Visual Studio Solution File, Format Version 12.00
# Visual Studio Version 17
VisualStudioVersion = 17.9.34607.119
MinimumVisualStudioVersion = 10.0.40219.1
Project("{FAE04EC0-301F-11D3-BF4B-00C04F79EFBC}") = "PROG6221_POEPartOne", "PROG6221_POEPartOne\PROG6221_POEPartOne.csproj", "{13EA2EE3-9AB9-4D5D-A461-68C804B7D820}"
EndProject
Global
	GlobalSection(SolutionConfigurationPlatforms) = preSolution
		Debug|Any CPU = Debug|Any CPU
		Release|Any CPU = Release|Any CPU
	EndGlobalSection
	GlobalSection(ProjectConfigurationPlatforms) = postSolution
		{13EA2EE3-9AB9-4D5D-A461-68C804B7D820}.Debug|Any CPU.ActiveCfg = Debug|Any CPU
		{13EA2EE3-9AB9-4D5D-A461-68C804B7D820}.Debug|Any CPU.Build.0 = Debug|Any CPU
		{13EA2EE3-9AB9-4D5D-A461-68C804B7D820}.Release|Any CPU.ActiveCfg = Release|Any CPU
		{13EA2EE3-9AB9-4D5D-A461-68C804B7D820}.Release|Any CPU.Build.0 = Release|Any CPU
	EndGlobalSection
	GlobalSection(SolutionProperties) = preSolution
		HideSolutionNode = FALSE
	EndGlobalSection
	GlobalSection(ExtensibilityGlobals) = postSolution
		SolutionGuid = {8D397E4A-CCE2-44CD-BBA3-CDA712872D5F}
	EndGlobalSection
EndGlobal
